// !$*UTF8*$!
{
	archiveVersion = 1;
	classes = {
	};
	objectVersion = 50;
	objects = {

/* Begin PBXBuildFile section */
		E946B7922507B11500C6B8F9 /* extension URL.swift in Sources */ = {isa = PBXBuildFile; fileRef = E946B7912507B11500C6B8F9 /* extension URL.swift */; };
		E946B794250F7FB100C6B8F9 /* FileContentsViewControler.swift in Sources */ = {isa = PBXBuildFile; fileRef = E946B793250F7FB100C6B8F9 /* FileContentsViewControler.swift */; };
		E96057D324DEA4CC006A2DAF /* AppDelegate.swift in Sources */ = {isa = PBXBuildFile; fileRef = E96057D224DEA4CC006A2DAF /* AppDelegate.swift */; };
		E96057D524DEA4CC006A2DAF /* SceneDelegate.swift in Sources */ = {isa = PBXBuildFile; fileRef = E96057D424DEA4CC006A2DAF /* SceneDelegate.swift */; };
		E96057D724DEA4CC006A2DAF /* ContentListViewController.swift in Sources */ = {isa = PBXBuildFile; fileRef = E96057D624DEA4CC006A2DAF /* ContentListViewController.swift */; };
		E96057DC24DEA4CD006A2DAF /* Assets.xcassets in Resources */ = {isa = PBXBuildFile; fileRef = E96057DB24DEA4CD006A2DAF /* Assets.xcassets */; };
		E96057DF24DEA4CD006A2DAF /* LaunchScreen.storyboard in Resources */ = {isa = PBXBuildFile; fileRef = E96057DD24DEA4CD006A2DAF /* LaunchScreen.storyboard */; };
		E96057E724DEA8C0006A2DAF /* FileMangerService.swift in Sources */ = {isa = PBXBuildFile; fileRef = E96057E624DEA8C0006A2DAF /* FileMangerService.swift */; };
/* End PBXBuildFile section */

/* Begin PBXFileReference section */
		E946B7912507B11500C6B8F9 /* extension URL.swift */ = {isa = PBXFileReference; lastKnownFileType = sourcecode.swift; path = "extension URL.swift"; sourceTree = "<group>"; };
		E946B793250F7FB100C6B8F9 /* FileContentsViewControler.swift */ = {isa = PBXFileReference; lastKnownFileType = sourcecode.swift; path = FileContentsViewControler.swift; sourceTree = "<group>"; };
		E96057CF24DEA4CC006A2DAF /* FileManager.app */ = {isa = PBXFileReference; explicitFileType = wrapper.application; includeInIndex = 0; path = FileManager.app; sourceTree = BUILT_PRODUCTS_DIR; };
		E96057D224DEA4CC006A2DAF /* AppDelegate.swift */ = {isa = PBXFileReference; lastKnownFileType = sourcecode.swift; path = AppDelegate.swift; sourceTree = "<group>"; };
		E96057D424DEA4CC006A2DAF /* SceneDelegate.swift */ = {isa = PBXFileReference; lastKnownFileType = sourcecode.swift; path = SceneDelegate.swift; sourceTree = "<group>"; };
		E96057D624DEA4CC006A2DAF /* ContentListViewController.swift */ = {isa = PBXFileReference; lastKnownFileType = sourcecode.swift; path = ContentListViewController.swift; sourceTree = "<group>"; };
		E96057DB24DEA4CD006A2DAF /* Assets.xcassets */ = {isa = PBXFileReference; lastKnownFileType = folder.assetcatalog; path = Assets.xcassets; sourceTree = "<group>"; };
		E96057DE24DEA4CD006A2DAF /* Base */ = {isa = PBXFileReference; lastKnownFileType = file.storyboard; name = Base; path = Base.lproj/LaunchScreen.storyboard; sourceTree = "<group>"; };
		E96057E024DEA4CD006A2DAF /* Info.plist */ = {isa = PBXFileReference; lastKnownFileType = text.plist.xml; path = Info.plist; sourceTree = "<group>"; };
		E96057E624DEA8C0006A2DAF /* FileMangerService.swift */ = {isa = PBXFileReference; lastKnownFileType = sourcecode.swift; path = FileMangerService.swift; sourceTree = "<group>"; };
/* End PBXFileReference section */

/* Begin PBXFrameworksBuildPhase section */
		E96057CC24DEA4CC006A2DAF /* Frameworks */ = {
			isa = PBXFrameworksBuildPhase;
			buildActionMask = 2147483647;
			files = (
			);
			runOnlyForDeploymentPostprocessing = 0;
		};
/* End PBXFrameworksBuildPhase section */

/* Begin PBXGroup section */
		E96057C624DEA4CC006A2DAF = {
			isa = PBXGroup;
			children = (
				E96057D124DEA4CC006A2DAF /* FileManager */,
				E96057D024DEA4CC006A2DAF /* Products */,
			);
			indentWidth = 2;
			sourceTree = "<group>";
		};
		E96057D024DEA4CC006A2DAF /* Products */ = {
			isa = PBXGroup;
			children = (
				E96057CF24DEA4CC006A2DAF /* FileManager.app */,
			);
			name = Products;
			sourceTree = "<group>";
		};
		E96057D124DEA4CC006A2DAF /* FileManager */ = {
			isa = PBXGroup;
			children = (
				E96057D224DEA4CC006A2DAF /* AppDelegate.swift */,
				E96057D424DEA4CC006A2DAF /* SceneDelegate.swift */,
				E96057E624DEA8C0006A2DAF /* FileMangerService.swift */,
				E96057D624DEA4CC006A2DAF /* ContentListViewController.swift */,
				E946B793250F7FB100C6B8F9 /* FileContentsViewControler.swift */,
				E946B7912507B11500C6B8F9 /* extension URL.swift */,
				E96057DB24DEA4CD006A2DAF /* Assets.xcassets */,
				E96057DD24DEA4CD006A2DAF /* LaunchScreen.storyboard */,
				E96057E024DEA4CD006A2DAF /* Info.plist */,
			);
			path = FileManager;
			sourceTree = "<group>";
		};
/* End PBXGroup section */

/* Begin PBXNativeTarget section */
		E96057CE24DEA4CC006A2DAF /* FileManager */ = {
			isa = PBXNativeTarget;
			buildConfigurationList = E96057E324DEA4CD006A2DAF /* Build configuration list for PBXNativeTarget "FileManager" */;
			buildPhases = (
				E96057CB24DEA4CC006A2DAF /* Sources */,
				E96057CC24DEA4CC006A2DAF /* Frameworks */,
				E96057CD24DEA4CC006A2DAF /* Resources */,
			);
			buildRules = (
			);
			dependencies = (
			);
			name = FileManager;
			productName = FileManager;
			productReference = E96057CF24DEA4CC006A2DAF /* FileManager.app */;
			productType = "com.apple.product-type.application";
		};
/* End PBXNativeTarget section */

/* Begin PBXProject section */
		E96057C724DEA4CC006A2DAF /* Project object */ = {
			isa = PBXProject;
			attributes = {
				LastSwiftUpdateCheck = 1150;
				LastUpgradeCheck = 1150;
				ORGANIZATIONNAME = Rodionova;
				TargetAttributes = {
					E96057CE24DEA4CC006A2DAF = {
						CreatedOnToolsVersion = 11.5;
					};
				};
			};
			buildConfigurationList = E96057CA24DEA4CC006A2DAF /* Build configuration list for PBXProject "FileManager" */;
			compatibilityVersion = "Xcode 9.3";
			developmentRegion = en;
			hasScannedForEncodings = 0;
			knownRegions = (
				en,
				Base,
			);
			mainGroup = E96057C624DEA4CC006A2DAF;
			productRefGroup = E96057D024DEA4CC006A2DAF /* Products */;
			projectDirPath = "";
			projectRoot = "";
			targets = (
				E96057CE24DEA4CC006A2DAF /* FileManager */,
			);
		};
/* End PBXProject section */

/* Begin PBXResourcesBuildPhase section */
		E96057CD24DEA4CC006A2DAF /* Resources */ = {
			isa = PBXResourcesBuildPhase;
			buildActionMask = 2147483647;
			files = (
				E96057DF24DEA4CD006A2DAF /* LaunchScreen.storyboard in Resources */,
				E96057DC24DEA4CD006A2DAF /* Assets.xcassets in Resources */,
			);
			runOnlyForDeploymentPostprocessing = 0;
		};
/* End PBXResourcesBuildPhase section */

/* Begin PBXSourcesBuildPhase section */
		E96057CB24DEA4CC006A2DAF /* Sources */ = {
			isa = PBXSourcesBuildPhase;
			buildActionMask = 2147483647;
			files = (
				E96057D724DEA4CC006A2DAF /* ContentListViewController.swift in Sources */,
				E96057E724DEA8C0006A2DAF /* FileMangerService.swift in Sources */,
				E96057D324DEA4CC006A2DAF /* AppDelegate.swift in Sources */,
				E946B794250F7FB100C6B8F9 /* FileContentsViewControler.swift in Sources */,
				E946B7922507B11500C6B8F9 /* extension URL.swift in Sources */,
				E96057D524DEA4CC006A2DAF /* SceneDelegate.swift in Sources */,
			);
			runOnlyForDeploymentPostprocessing = 0;
		};
/* End PBXSourcesBuildPhase section */

/* Begin PBXVariantGroup section */
		E96057DD24DEA4CD006A2DAF /* LaunchScreen.storyboard */ = {
			isa = PBXVariantGroup;
			children = (
				E96057DE24DEA4CD006A2DAF /* Base */,
			);
			name = LaunchScreen.storyboard;
			sourceTree = "<group>";
		};
/* End PBXVariantGroup section */

/* Begin XCBuildConfiguration section */
		E96057E124DEA4CD006A2DAF /* Debug */ = {
			isa = XCBuildConfiguration;
			buildSettings = {
				ALWAYS_SEARCH_USER_PATHS = NO;
				CLANG_ANALYZER_NONNULL = YES;
				CLANG_ANALYZER_NUMBER_OBJECT_CONVERSION = YES_AGGRESSIVE;
				CLANG_CXX_LANGUAGE_STANDARD = "gnu++14";
				CLANG_CXX_LIBRARY = "libc++";
				CLANG_ENABLE_MODULES = YES;
				CLANG_ENABLE_OBJC_ARC = YES;
				CLANG_ENABLE_OBJC_WEAK = YES;
				CLANG_WARN_BLOCK_CAPTURE_AUTORELEASING = YES;
				CLANG_WARN_BOOL_CONVERSION = YES;
				CLANG_WARN_COMMA = YES;
				CLANG_WARN_CONSTANT_CONVERSION = YES;
				CLANG_WARN_DEPRECATED_OBJC_IMPLEMENTATIONS = YES;
				CLANG_WARN_DIRECT_OBJC_ISA_USAGE = YES_ERROR;
				CLANG_WARN_DOCUMENTATION_COMMENTS = YES;
				CLANG_WARN_EMPTY_BODY = YES;
				CLANG_WARN_ENUM_CONVERSION = YES;
				CLANG_WARN_INFINITE_RECURSION = YES;
				CLANG_WARN_INT_CONVERSION = YES;
				CLANG_WARN_NON_LITERAL_NULL_CONVERSION = YES;
				CLANG_WARN_OBJC_IMPLICIT_RETAIN_SELF = YES;
				CLANG_WARN_OBJC_LITERAL_CONVERSION = YES;
				CLANG_WARN_OBJC_ROOT_CLASS = YES_ERROR;
				CLANG_WARN_RANGE_LOOP_ANALYSIS = YES;
				CLANG_WARN_STRICT_PROTOTYPES = YES;
				CLANG_WARN_SUSPICIOUS_MOVE = YES;
				CLANG_WARN_UNGUARDED_AVAILABILITY = YES_AGGRESSIVE;
				CLANG_WARN_UNREACHABLE_CODE = YES;
				CLANG_WARN__DUPLICATE_METHOD_MATCH = YES;
				COPY_PHASE_STRIP = NO;
				DEBUG_INFORMATION_FORMAT = dwarf;
				ENABLE_STRICT_OBJC_MSGSEND = YES;
				ENABLE_TESTABILITY = YES;
				GCC_C_LANGUAGE_STANDARD = gnu11;
				GCC_DYNAMIC_NO_PIC = NO;
				GCC_NO_COMMON_BLOCKS = YES;
				GCC_OPTIMIZATION_LEVEL = 0;
				GCC_PREPROCESSOR_DEFINITIONS = (
					"DEBUG=1",
					"$(inherited)",
				);
				GCC_WARN_64_TO_32_BIT_CONVERSION = YES;
				GCC_WARN_ABOUT_RETURN_TYPE = YES_ERROR;
				GCC_WARN_UNDECLARED_SELECTOR = YES;
				GCC_WARN_UNINITIALIZED_AUTOS = YES_AGGRESSIVE;
				GCC_WARN_UNUSED_FUNCTION = YES;
				GCC_WARN_UNUSED_VARIABLE = YES;
				IPHONEOS_DEPLOYMENT_TARGET = 13.5;
				MTL_ENABLE_DEBUG_INFO = INCLUDE_SOURCE;
				MTL_FAST_MATH = YES;
				ONLY_ACTIVE_ARCH = YES;
				SDKROOT = iphoneos;
				SWIFT_ACTIVE_COMPILATION_CONDITIONS = DEBUG;
				SWIFT_OPTIMIZATION_LEVEL = "-Onone";
			};
			name = Debug;
		};
		E96057E224DEA4CD006A2DAF /* Release */ = {
			isa = XCBuildConfiguration;
			buildSettings = {
				ALWAYS_SEARCH_USER_PATHS = NO;
				CLANG_ANALYZER_NONNULL = YES;
				CLANG_ANALYZER_NUMBER_OBJECT_CONVERSION = YES_AGGRESSIVE;
				CLANG_CXX_LANGUAGE_STANDARD = "gnu++14";
				CLANG_CXX_LIBRARY = "libc++";
				CLANG_ENABLE_MODULES = YES;
				CLANG_ENABLE_OBJC_ARC = YES;
				CLANG_ENABLE_OBJC_WEAK = YES;
				CLANG_WARN_BLOCK_CAPTURE_AUTORELEASING = YES;
				CLANG_WARN_BOOL_CONVERSION = YES;
				CLANG_WARN_COMMA = YES;
				CLANG_WARN_CONSTANT_CONVERSION = YES;
				CLANG_WARN_DEPRECATED_OBJC_IMPLEMENTATIONS = YES;
				CLANG_WARN_DIRECT_OBJC_ISA_USAGE = YES_ERROR;
				CLANG_WARN_DOCUMENTATION_COMMENTS = YES;
				CLANG_WARN_EMPTY_BODY = YES;
				CLANG_WARN_ENUM_CONVERSION = YES;
				CLANG_WARN_INFINITE_RECURSION = YES;
				CLANG_WARN_INT_CONVERSION = YES;
				CLANG_WARN_NON_LITERAL_NULL_CONVERSION = YES;
				CLANG_WARN_OBJC_IMPLICIT_RETAIN_SELF = YES;
				CLANG_WARN_OBJC_LITERAL_CONVERSION = YES;
				CLANG_WARN_OBJC_ROOT_CLASS = YES_ERROR;
				CLANG_WARN_RANGE_LOOP_ANALYSIS = YES;
				CLANG_WARN_STRICT_PROTOTYPES = YES;
				CLANG_WARN_SUSPICIOUS_MOVE = YES;
				CLANG_WARN_UNGUARDED_AVAILABILITY = YES_AGGRESSIVE;
				CLANG_WARN_UNREACHABLE_CODE = YES;
				CLANG_WARN__DUPLICATE_METHOD_MATCH = YES;
				COPY_PHASE_STRIP = NO;
				DEBUG_INFORMATION_FORMAT = "dwarf-with-dsym";
				ENABLE_NS_ASSERTIONS = NO;
				ENABLE_STRICT_OBJC_MSGSEND = YES;
				GCC_C_LANGUAGE_STANDARD = gnu11;
				GCC_NO_COMMON_BLOCKS = YES;
				GCC_WARN_64_TO_32_BIT_CONVERSION = YES;
				GCC_WARN_ABOUT_RETURN_TYPE = YES_ERROR;
				GCC_WARN_UNDECLARED_SELECTOR = YES;
				GCC_WARN_UNINITIALIZED_AUTOS = YES_AGGRESSIVE;
				GCC_WARN_UNUSED_FUNCTION = YES;
				GCC_WARN_UNUSED_VARIABLE = YES;
				IPHONEOS_DEPLOYMENT_TARGET = 13.5;
				MTL_ENABLE_DEBUG_INFO = NO;
				MTL_FAST_MATH = YES;
				SDKROOT = iphoneos;
				SWIFT_COMPILATION_MODE = wholemodule;
				SWIFT_OPTIMIZATION_LEVEL = "-O";
				VALIDATE_PRODUCT = YES;
			};
			name = Release;
		};
		E96057E424DEA4CD006A2DAF /* Debug */ = {
			isa = XCBuildConfiguration;
			buildSettings = {
				ASSETCATALOG_COMPILER_APPICON_NAME = AppIcon;
				CODE_SIGN_STYLE = Automatic;
				INFOPLIST_FILE = FileManager/Info.plist;
				LD_RUNPATH_SEARCH_PATHS = (
					"$(inherited)",
					"@executable_path/Frameworks",
				);
				PRODUCT_BUNDLE_IDENTIFIER = rv.FileManager;
				PRODUCT_NAME = "$(TARGET_NAME)";
				SWIFT_VERSION = 5.0;
				TARGETED_DEVICE_FAMILY = "1,2";
			};
			name = Debug;
		};
		E96057E524DEA4CD006A2DAF /* Release */ = {
			isa = XCBuildConfiguration;
			buildSettings = {
				ASSETCATALOG_COMPILER_APPICON_NAME = AppIcon;
				CODE_SIGN_STYLE = Automatic;
				INFOPLIST_FILE = FileManager/Info.plist;
				LD_RUNPATH_SEARCH_PATHS = (
					"$(inherited)",
					"@executable_path/Frameworks",
				);
				PRODUCT_BUNDLE_IDENTIFIER = rv.FileManager;
				PRODUCT_NAME = "$(TARGET_NAME)";
				SWIFT_VERSION = 5.0;
				TARGETED_DEVICE_FAMILY = "1,2";
			};
			name = Release;
		};
/* End XCBuildConfiguration section */

/* Begin XCConfigurationList section */
		E96057CA24DEA4CC006A2DAF /* Build configuration list for PBXProject "FileManager" */ = {
			isa = XCConfigurationList;
			buildConfigurations = (
				E96057E124DEA4CD006A2DAF /* Debug */,
				E96057E224DEA4CD006A2DAF /* Release */,
			);
			defaultConfigurationIsVisible = 0;
			defaultConfigurationName = Release;
		};
		E96057E324DEA4CD006A2DAF /* Build configuration list for PBXNativeTarget "FileManager" */ = {
			isa = XCConfigurationList;
			buildConfigurations = (
				E96057E424DEA4CD006A2DAF /* Debug */,
				E96057E524DEA4CD006A2DAF /* Release */,
			);
			defaultConfigurationIsVisible = 0;
			defaultConfigurationName = Release;
		};
/* End XCConfigurationList section */
	};
	rootObject = E96057C724DEA4CC006A2DAF /* Project object */;
}
